// !$*UTF8*$!
{
	archiveVersion = 1;
	classes = {
	};
	objectVersion = 50;
	objects = {

/* Begin PBXBuildFile section */
		6A303A8C21BDAEBA0061FF82 /* AppData.swift in Sources */ = {isa = PBXBuildFile; fileRef = 6A303A8B21BDAEBA0061FF82 /* AppData.swift */; };
		6A303A9021BDF8A60061FF82 /* History.storyboard in Resources */ = {isa = PBXBuildFile; fileRef = 6A303A8F21BDF8A60061FF82 /* History.storyboard */; };
		6A303A9221BDFB4F0061FF82 /* History.swift in Sources */ = {isa = PBXBuildFile; fileRef = 6A303A9121BDFB4F0061FF82 /* History.swift */; };
		6A8A0D3E21BD21280030D203 /* Vision.swift in Sources */ = {isa = PBXBuildFile; fileRef = 6A8A0D3D21BD21280030D203 /* Vision.swift */; };
		6A8A0D4021BD22EA0030D203 /* SwiftyJSON.framework in Frameworks */ = {isa = PBXBuildFile; fileRef = 6A8A0D3F21BD22EA0030D203 /* SwiftyJSON.framework */; };
		9D5B70EB21BDDB4900886B5E /* Results.storyboard in Resources */ = {isa = PBXBuildFile; fileRef = 9D5B70EA21BDDB4900886B5E /* Results.storyboard */; };
		9D5B70ED21BDDBEC00886B5E /* ResultsViewController.swift in Sources */ = {isa = PBXBuildFile; fileRef = 9D5B70EC21BDDBEC00886B5E /* ResultsViewController.swift */; };
		9D85C6667686108CE56519AF /* Pods_HomeworkApp.framework in Frameworks */ = {isa = PBXBuildFile; fileRef = B35144F1FE9C3DAF8C429D8F /* Pods_HomeworkApp.framework */; };
		9DD7ABBD21BE4AC1001D95AB /* RoundButton.swift in Sources */ = {isa = PBXBuildFile; fileRef = 9DD7ABBC21BE4AC1001D95AB /* RoundButton.swift */; };
		9DFAA17F21BE06CC00937CE3 /* WolframAlpha.swift in Sources */ = {isa = PBXBuildFile; fileRef = 9DFAA17E21BE06CC00937CE3 /* WolframAlpha.swift */; };
		9DFAA18121BE091400937CE3 /* AnswerViewController.swift in Sources */ = {isa = PBXBuildFile; fileRef = 9DFAA18021BE091400937CE3 /* AnswerViewController.swift */; };
		9DFAA18321BE0B5900937CE3 /* StepsViewController.swift in Sources */ = {isa = PBXBuildFile; fileRef = 9DFAA18221BE0B5900937CE3 /* StepsViewController.swift */; };
		FE83054121BC73FB008BF111 /* AppDelegate.swift in Sources */ = {isa = PBXBuildFile; fileRef = FE83054021BC73FB008BF111 /* AppDelegate.swift */; };
		FE83054321BC73FB008BF111 /* ViewController.swift in Sources */ = {isa = PBXBuildFile; fileRef = FE83054221BC73FB008BF111 /* ViewController.swift */; };
		FE83054621BC73FB008BF111 /* Main.storyboard in Resources */ = {isa = PBXBuildFile; fileRef = FE83054421BC73FB008BF111 /* Main.storyboard */; };
		FE83054821BC7400008BF111 /* Assets.xcassets in Resources */ = {isa = PBXBuildFile; fileRef = FE83054721BC7400008BF111 /* Assets.xcassets */; };
		FE83054B21BC7400008BF111 /* LaunchScreen.storyboard in Resources */ = {isa = PBXBuildFile; fileRef = FE83054921BC7400008BF111 /* LaunchScreen.storyboard */; };
/* End PBXBuildFile section */

/* Begin PBXFileReference section */
		036463670F9E5AE574C8EDE7 /* Pods-HomeworkApp.debug.xcconfig */ = {isa = PBXFileReference; includeInIndex = 1; lastKnownFileType = text.xcconfig; name = "Pods-HomeworkApp.debug.xcconfig"; path = "Pods/Target Support Files/Pods-HomeworkApp/Pods-HomeworkApp.debug.xcconfig"; sourceTree = "<group>"; };
		6A303A8B21BDAEBA0061FF82 /* AppData.swift */ = {isa = PBXFileReference; lastKnownFileType = sourcecode.swift; path = AppData.swift; sourceTree = "<group>"; };
		6A303A8F21BDF8A60061FF82 /* History.storyboard */ = {isa = PBXFileReference; lastKnownFileType = file.storyboard; path = History.storyboard; sourceTree = "<group>"; };
		6A303A9121BDFB4F0061FF82 /* History.swift */ = {isa = PBXFileReference; lastKnownFileType = sourcecode.swift; path = History.swift; sourceTree = "<group>"; };
		6A8A0D3D21BD21280030D203 /* Vision.swift */ = {isa = PBXFileReference; lastKnownFileType = sourcecode.swift; path = Vision.swift; sourceTree = "<group>"; };
		6A8A0D3F21BD22EA0030D203 /* SwiftyJSON.framework */ = {isa = PBXFileReference; explicitFileType = wrapper.framework; path = SwiftyJSON.framework; sourceTree = BUILT_PRODUCTS_DIR; };
		7FD70F2453A11A98D70A9CF8 /* Pods-HomeworkApp.release.xcconfig */ = {isa = PBXFileReference; includeInIndex = 1; lastKnownFileType = text.xcconfig; name = "Pods-HomeworkApp.release.xcconfig"; path = "Pods/Target Support Files/Pods-HomeworkApp/Pods-HomeworkApp.release.xcconfig"; sourceTree = "<group>"; };
		9D5B70EA21BDDB4900886B5E /* Results.storyboard */ = {isa = PBXFileReference; lastKnownFileType = file.storyboard; path = Results.storyboard; sourceTree = "<group>"; };
		9D5B70EC21BDDBEC00886B5E /* ResultsViewController.swift */ = {isa = PBXFileReference; lastKnownFileType = sourcecode.swift; path = ResultsViewController.swift; sourceTree = "<group>"; };
		9DD7ABBC21BE4AC1001D95AB /* RoundButton.swift */ = {isa = PBXFileReference; lastKnownFileType = sourcecode.swift; path = RoundButton.swift; sourceTree = "<group>"; };
		9DFAA17E21BE06CC00937CE3 /* WolframAlpha.swift */ = {isa = PBXFileReference; lastKnownFileType = sourcecode.swift; path = WolframAlpha.swift; sourceTree = "<group>"; };
		9DFAA18021BE091400937CE3 /* AnswerViewController.swift */ = {isa = PBXFileReference; lastKnownFileType = sourcecode.swift; path = AnswerViewController.swift; sourceTree = "<group>"; };
		9DFAA18221BE0B5900937CE3 /* StepsViewController.swift */ = {isa = PBXFileReference; lastKnownFileType = sourcecode.swift; path = StepsViewController.swift; sourceTree = "<group>"; };
		B35144F1FE9C3DAF8C429D8F /* Pods_HomeworkApp.framework */ = {isa = PBXFileReference; explicitFileType = wrapper.framework; includeInIndex = 0; path = Pods_HomeworkApp.framework; sourceTree = BUILT_PRODUCTS_DIR; };
		FE83053D21BC73FB008BF111 /* HomeworkApp.app */ = {isa = PBXFileReference; explicitFileType = wrapper.application; includeInIndex = 0; path = HomeworkApp.app; sourceTree = BUILT_PRODUCTS_DIR; };
		FE83054021BC73FB008BF111 /* AppDelegate.swift */ = {isa = PBXFileReference; lastKnownFileType = sourcecode.swift; path = AppDelegate.swift; sourceTree = "<group>"; };
		FE83054221BC73FB008BF111 /* ViewController.swift */ = {isa = PBXFileReference; lastKnownFileType = sourcecode.swift; path = ViewController.swift; sourceTree = "<group>"; };
		FE83054521BC73FB008BF111 /* Base */ = {isa = PBXFileReference; lastKnownFileType = file.storyboard; name = Base; path = Base.lproj/Main.storyboard; sourceTree = "<group>"; };
		FE83054721BC7400008BF111 /* Assets.xcassets */ = {isa = PBXFileReference; lastKnownFileType = folder.assetcatalog; path = Assets.xcassets; sourceTree = "<group>"; };
		FE83054A21BC7400008BF111 /* Base */ = {isa = PBXFileReference; lastKnownFileType = file.storyboard; name = Base; path = Base.lproj/LaunchScreen.storyboard; sourceTree = "<group>"; };
		FE83054C21BC7400008BF111 /* Info.plist */ = {isa = PBXFileReference; lastKnownFileType = text.plist.xml; path = Info.plist; sourceTree = "<group>"; };
/* End PBXFileReference section */

/* Begin PBXFrameworksBuildPhase section */
		FE83053A21BC73FB008BF111 /* Frameworks */ = {
			isa = PBXFrameworksBuildPhase;
			buildActionMask = 2147483647;
			files = (
				6A8A0D4021BD22EA0030D203 /* SwiftyJSON.framework in Frameworks */,
				9D85C6667686108CE56519AF /* Pods_HomeworkApp.framework in Frameworks */,
			);
			runOnlyForDeploymentPostprocessing = 0;
		};
/* End PBXFrameworksBuildPhase section */

/* Begin PBXGroup section */
		026B888C1981CA87A0FE839C /* Frameworks */ = {
			isa = PBXGroup;
			children = (
				6A8A0D3F21BD22EA0030D203 /* SwiftyJSON.framework */,
				B35144F1FE9C3DAF8C429D8F /* Pods_HomeworkApp.framework */,
			);
			name = Frameworks;
			sourceTree = "<group>";
		};
		FCC4DE8C290387AFF5A03D2D /* Pods */ = {
			isa = PBXGroup;
			children = (
				036463670F9E5AE574C8EDE7 /* Pods-HomeworkApp.debug.xcconfig */,
				7FD70F2453A11A98D70A9CF8 /* Pods-HomeworkApp.release.xcconfig */,
			);
			name = Pods;
			sourceTree = "<group>";
		};
		FE83053421BC73FB008BF111 = {
			isa = PBXGroup;
			children = (
				FE83053F21BC73FB008BF111 /* HomeworkApp */,
				FE83053E21BC73FB008BF111 /* Products */,
				026B888C1981CA87A0FE839C /* Frameworks */,
				FCC4DE8C290387AFF5A03D2D /* Pods */,
			);
			sourceTree = "<group>";
		};
		FE83053E21BC73FB008BF111 /* Products */ = {
			isa = PBXGroup;
			children = (
				FE83053D21BC73FB008BF111 /* HomeworkApp.app */,
			);
			name = Products;
			sourceTree = "<group>";
		};
		FE83053F21BC73FB008BF111 /* HomeworkApp */ = {
			isa = PBXGroup;
			children = (
				FE83054021BC73FB008BF111 /* AppDelegate.swift */,
				FE83054221BC73FB008BF111 /* ViewController.swift */,
				6A8A0D3D21BD21280030D203 /* Vision.swift */,
				9D5B70EA21BDDB4900886B5E /* Results.storyboard */,
				9D5B70EC21BDDBEC00886B5E /* ResultsViewController.swift */,
				6A303A8B21BDAEBA0061FF82 /* AppData.swift */,
				FE83054421BC73FB008BF111 /* Main.storyboard */,
				9DD7ABBC21BE4AC1001D95AB /* RoundButton.swift */,
				FE83054721BC7400008BF111 /* Assets.xcassets */,
				FE83054921BC7400008BF111 /* LaunchScreen.storyboard */,
				FE83054C21BC7400008BF111 /* Info.plist */,
				6A303A8F21BDF8A60061FF82 /* History.storyboard */,
				6A303A9121BDFB4F0061FF82 /* History.swift */,
				9DFAA17E21BE06CC00937CE3 /* WolframAlpha.swift */,
				9DFAA18021BE091400937CE3 /* AnswerViewController.swift */,
				9DFAA18221BE0B5900937CE3 /* StepsViewController.swift */,
			);
			path = HomeworkApp;
			sourceTree = "<group>";
		};
/* End PBXGroup section */

/* Begin PBXNativeTarget section */
		FE83053C21BC73FB008BF111 /* HomeworkApp */ = {
			isa = PBXNativeTarget;
			buildConfigurationList = FE83054F21BC7401008BF111 /* Build configuration list for PBXNativeTarget "HomeworkApp" */;
			buildPhases = (
				AB7F5AB38DE3DC85E23CA822 /* [CP] Check Pods Manifest.lock */,
				FE83053921BC73FB008BF111 /* Sources */,
				FE83053A21BC73FB008BF111 /* Frameworks */,
				FE83053B21BC73FB008BF111 /* Resources */,
				397D5A0FCEB221DAF9A5DD87 /* [CP] Embed Pods Frameworks */,
			);
			buildRules = (
			);
			dependencies = (
			);
			name = HomeworkApp;
			productName = HomeworkApp;
			productReference = FE83053D21BC73FB008BF111 /* HomeworkApp.app */;
			productType = "com.apple.product-type.application";
		};
/* End PBXNativeTarget section */

/* Begin PBXProject section */
		FE83053521BC73FB008BF111 /* Project object */ = {
			isa = PBXProject;
			attributes = {
				LastSwiftUpdateCheck = 1000;
				LastUpgradeCheck = 1000;
				ORGANIZATIONNAME = "Ray Zhang";
				TargetAttributes = {
					FE83053C21BC73FB008BF111 = {
						CreatedOnToolsVersion = 10.0;
					};
				};
			};
			buildConfigurationList = FE83053821BC73FB008BF111 /* Build configuration list for PBXProject "HomeworkApp" */;
			compatibilityVersion = "Xcode 9.3";
			developmentRegion = en;
			hasScannedForEncodings = 0;
			knownRegions = (
				en,
				Base,
			);
			mainGroup = FE83053421BC73FB008BF111;
			productRefGroup = FE83053E21BC73FB008BF111 /* Products */;
			projectDirPath = "";
			projectRoot = "";
			targets = (
				FE83053C21BC73FB008BF111 /* HomeworkApp */,
			);
		};
/* End PBXProject section */

/* Begin PBXResourcesBuildPhase section */
		FE83053B21BC73FB008BF111 /* Resources */ = {
			isa = PBXResourcesBuildPhase;
			buildActionMask = 2147483647;
			files = (
				FE83054B21BC7400008BF111 /* LaunchScreen.storyboard in Resources */,
				9D5B70EB21BDDB4900886B5E /* Results.storyboard in Resources */,
				FE83054821BC7400008BF111 /* Assets.xcassets in Resources */,
				6A303A9021BDF8A60061FF82 /* History.storyboard in Resources */,
				FE83054621BC73FB008BF111 /* Main.storyboard in Resources */,
			);
			runOnlyForDeploymentPostprocessing = 0;
		};
/* End PBXResourcesBuildPhase section */

/* Begin PBXShellScriptBuildPhase section */
		397D5A0FCEB221DAF9A5DD87 /* [CP] Embed Pods Frameworks */ = {
			isa = PBXShellScriptBuildPhase;
			buildActionMask = 2147483647;
			files = (
			);
			inputFileListPaths = (
			);
			inputPaths = (
				"${SRCROOT}/Pods/Target Support Files/Pods-HomeworkApp/Pods-HomeworkApp-frameworks.sh",
				"${BUILT_PRODUCTS_DIR}/SwiftyJSON/SwiftyJSON.framework",
			);
			name = "[CP] Embed Pods Frameworks";
			outputFileListPaths = (
			);
			outputPaths = (
				"${TARGET_BUILD_DIR}/${FRAMEWORKS_FOLDER_PATH}/SwiftyJSON.framework",
			);
			runOnlyForDeploymentPostprocessing = 0;
			shellPath = /bin/sh;
			shellScript = "\"${SRCROOT}/Pods/Target Support Files/Pods-HomeworkApp/Pods-HomeworkApp-frameworks.sh\"\n";
			showEnvVarsInLog = 0;
		};
		AB7F5AB38DE3DC85E23CA822 /* [CP] Check Pods Manifest.lock */ = {
			isa = PBXShellScriptBuildPhase;
			buildActionMask = 2147483647;
			files = (
			);
			inputFileListPaths = (
			);
			inputPaths = (
				"${PODS_PODFILE_DIR_PATH}/Podfile.lock",
				"${PODS_ROOT}/Manifest.lock",
			);
			name = "[CP] Check Pods Manifest.lock";
			outputFileListPaths = (
			);
			outputPaths = (
				"$(DERIVED_FILE_DIR)/Pods-HomeworkApp-checkManifestLockResult.txt",
			);
			runOnlyForDeploymentPostprocessing = 0;
			shellPath = /bin/sh;
			shellScript = "diff \"${PODS_PODFILE_DIR_PATH}/Podfile.lock\" \"${PODS_ROOT}/Manifest.lock\" > /dev/null\nif [ $? != 0 ] ; then\n    # print error to STDERR\n    echo \"error: The sandbox is not in sync with the Podfile.lock. Run 'pod install' or update your CocoaPods installation.\" >&2\n    exit 1\nfi\n# This output is used by Xcode 'outputs' to avoid re-running this script phase.\necho \"SUCCESS\" > \"${SCRIPT_OUTPUT_FILE_0}\"\n";
			showEnvVarsInLog = 0;
		};
/* End PBXShellScriptBuildPhase section */

/* Begin PBXSourcesBuildPhase section */
		FE83053921BC73FB008BF111 /* Sources */ = {
			isa = PBXSourcesBuildPhase;
			buildActionMask = 2147483647;
			files = (
				6A303A9221BDFB4F0061FF82 /* History.swift in Sources */,
				9DFAA18321BE0B5900937CE3 /* StepsViewController.swift in Sources */,
				6A8A0D3E21BD21280030D203 /* Vision.swift in Sources */,
				FE83054321BC73FB008BF111 /* ViewController.swift in Sources */,
				9DFAA17F21BE06CC00937CE3 /* WolframAlpha.swift in Sources */,
				9DFAA18121BE091400937CE3 /* AnswerViewController.swift in Sources */,
				9DD7ABBD21BE4AC1001D95AB /* RoundButton.swift in Sources */,
				FE83054121BC73FB008BF111 /* AppDelegate.swift in Sources */,
				9D5B70ED21BDDBEC00886B5E /* ResultsViewController.swift in Sources */,
				6A303A8C21BDAEBA0061FF82 /* AppData.swift in Sources */,
			);
			runOnlyForDeploymentPostprocessing = 0;
		};
/* End PBXSourcesBuildPhase section */

/* Begin PBXVariantGroup section */
		FE83054421BC73FB008BF111 /* Main.storyboard */ = {
			isa = PBXVariantGroup;
			children = (
				FE83054521BC73FB008BF111 /* Base */,
			);
			name = Main.storyboard;
			sourceTree = "<group>";
		};
		FE83054921BC7400008BF111 /* LaunchScreen.storyboard */ = {
			isa = PBXVariantGroup;
			children = (
				FE83054A21BC7400008BF111 /* Base */,
			);
			name = LaunchScreen.storyboard;
			sourceTree = "<group>";
		};
/* End PBXVariantGroup section */

/* Begin XCBuildConfiguration section */
		FE83054D21BC7401008BF111 /* Debug */ = {
			isa = XCBuildConfiguration;
			buildSettings = {
				ALWAYS_SEARCH_USER_PATHS = NO;
				CLANG_ANALYZER_NONNULL = YES;
				CLANG_ANALYZER_NUMBER_OBJECT_CONVERSION = YES_AGGRESSIVE;
				CLANG_CXX_LANGUAGE_STANDARD = "gnu++14";
				CLANG_CXX_LIBRARY = "libc++";
				CLANG_ENABLE_MODULES = YES;
				CLANG_ENABLE_OBJC_ARC = YES;
				CLANG_ENABLE_OBJC_WEAK = YES;
				CLANG_WARN_BLOCK_CAPTURE_AUTORELEASING = YES;
				CLANG_WARN_BOOL_CONVERSION = YES;
				CLANG_WARN_COMMA = YES;
				CLANG_WARN_CONSTANT_CONVERSION = YES;
				CLANG_WARN_DEPRECATED_OBJC_IMPLEMENTATIONS = YES;
				CLANG_WARN_DIRECT_OBJC_ISA_USAGE = YES_ERROR;
				CLANG_WARN_DOCUMENTATION_COMMENTS = YES;
				CLANG_WARN_EMPTY_BODY = YES;
				CLANG_WARN_ENUM_CONVERSION = YES;
				CLANG_WARN_INFINITE_RECURSION = YES;
				CLANG_WARN_INT_CONVERSION = YES;
				CLANG_WARN_NON_LITERAL_NULL_CONVERSION = YES;
				CLANG_WARN_OBJC_IMPLICIT_RETAIN_SELF = YES;
				CLANG_WARN_OBJC_LITERAL_CONVERSION = YES;
				CLANG_WARN_OBJC_ROOT_CLASS = YES_ERROR;
				CLANG_WARN_RANGE_LOOP_ANALYSIS = YES;
				CLANG_WARN_STRICT_PROTOTYPES = YES;
				CLANG_WARN_SUSPICIOUS_MOVE = YES;
				CLANG_WARN_UNGUARDED_AVAILABILITY = YES_AGGRESSIVE;
				CLANG_WARN_UNREACHABLE_CODE = YES;
				CLANG_WARN__DUPLICATE_METHOD_MATCH = YES;
				CODE_SIGN_IDENTITY = "iPhone Developer";
				COPY_PHASE_STRIP = NO;
				DEBUG_INFORMATION_FORMAT = dwarf;
				ENABLE_STRICT_OBJC_MSGSEND = YES;
				ENABLE_TESTABILITY = YES;
				GCC_C_LANGUAGE_STANDARD = gnu11;
				GCC_DYNAMIC_NO_PIC = NO;
				GCC_NO_COMMON_BLOCKS = YES;
				GCC_OPTIMIZATION_LEVEL = 0;
				GCC_PREPROCESSOR_DEFINITIONS = (
					"DEBUG=1",
					"$(inherited)",
				);
				GCC_WARN_64_TO_32_BIT_CONVERSION = YES;
				GCC_WARN_ABOUT_RETURN_TYPE = YES_ERROR;
				GCC_WARN_UNDECLARED_SELECTOR = YES;
				GCC_WARN_UNINITIALIZED_AUTOS = YES_AGGRESSIVE;
				GCC_WARN_UNUSED_FUNCTION = YES;
				GCC_WARN_UNUSED_VARIABLE = YES;
				IPHONEOS_DEPLOYMENT_TARGET = 12.0;
				MTL_ENABLE_DEBUG_INFO = INCLUDE_SOURCE;
				MTL_FAST_MATH = YES;
				ONLY_ACTIVE_ARCH = YES;
				SDKROOT = iphoneos;
				SWIFT_ACTIVE_COMPILATION_CONDITIONS = DEBUG;
				SWIFT_OPTIMIZATION_LEVEL = "-Onone";
			};
			name = Debug;
		};
		FE83054E21BC7401008BF111 /* Release */ = {
			isa = XCBuildConfiguration;
			buildSettings = {
				ALWAYS_SEARCH_USER_PATHS = NO;
				CLANG_ANALYZER_NONNULL = YES;
				CLANG_ANALYZER_NUMBER_OBJECT_CONVERSION = YES_AGGRESSIVE;
				CLANG_CXX_LANGUAGE_STANDARD = "gnu++14";
				CLANG_CXX_LIBRARY = "libc++";
				CLANG_ENABLE_MODULES = YES;
				CLANG_ENABLE_OBJC_ARC = YES;
				CLANG_ENABLE_OBJC_WEAK = YES;
				CLANG_WARN_BLOCK_CAPTURE_AUTORELEASING = YES;
				CLANG_WARN_BOOL_CONVERSION = YES;
				CLANG_WARN_COMMA = YES;
				CLANG_WARN_CONSTANT_CONVERSION = YES;
				CLANG_WARN_DEPRECATED_OBJC_IMPLEMENTATIONS = YES;
				CLANG_WARN_DIRECT_OBJC_ISA_USAGE = YES_ERROR;
				CLANG_WARN_DOCUMENTATION_COMMENTS = YES;
				CLANG_WARN_EMPTY_BODY = YES;
				CLANG_WARN_ENUM_CONVERSION = YES;
				CLANG_WARN_INFINITE_RECURSION = YES;
				CLANG_WARN_INT_CONVERSION = YES;
				CLANG_WARN_NON_LITERAL_NULL_CONVERSION = YES;
				CLANG_WARN_OBJC_IMPLICIT_RETAIN_SELF = YES;
				CLANG_WARN_OBJC_LITERAL_CONVERSION = YES;
				CLANG_WARN_OBJC_ROOT_CLASS = YES_ERROR;
				CLANG_WARN_RANGE_LOOP_ANALYSIS = YES;
				CLANG_WARN_STRICT_PROTOTYPES = YES;
				CLANG_WARN_SUSPICIOUS_MOVE = YES;
				CLANG_WARN_UNGUARDED_AVAILABILITY = YES_AGGRESSIVE;
				CLANG_WARN_UNREACHABLE_CODE = YES;
				CLANG_WARN__DUPLICATE_METHOD_MATCH = YES;
				CODE_SIGN_IDENTITY = "iPhone Developer";
				COPY_PHASE_STRIP = NO;
				DEBUG_INFORMATION_FORMAT = "dwarf-with-dsym";
				ENABLE_NS_ASSERTIONS = NO;
				ENABLE_STRICT_OBJC_MSGSEND = YES;
				GCC_C_LANGUAGE_STANDARD = gnu11;
				GCC_NO_COMMON_BLOCKS = YES;
				GCC_WARN_64_TO_32_BIT_CONVERSION = YES;
				GCC_WARN_ABOUT_RETURN_TYPE = YES_ERROR;
				GCC_WARN_UNDECLARED_SELECTOR = YES;
				GCC_WARN_UNINITIALIZED_AUTOS = YES_AGGRESSIVE;
				GCC_WARN_UNUSED_FUNCTION = YES;
				GCC_WARN_UNUSED_VARIABLE = YES;
				IPHONEOS_DEPLOYMENT_TARGET = 12.0;
				MTL_ENABLE_DEBUG_INFO = NO;
				MTL_FAST_MATH = YES;
				SDKROOT = iphoneos;
				SWIFT_COMPILATION_MODE = wholemodule;
				SWIFT_OPTIMIZATION_LEVEL = "-O";
				VALIDATE_PRODUCT = YES;
			};
			name = Release;
		};
		FE83055021BC7401008BF111 /* Debug */ = {
			isa = XCBuildConfiguration;
			baseConfigurationReference = 036463670F9E5AE574C8EDE7 /* Pods-HomeworkApp.debug.xcconfig */;
			buildSettings = {
				ASSETCATALOG_COMPILER_APPICON_NAME = AppIcon;
				CODE_SIGN_STYLE = Automatic;
				DEVELOPMENT_TEAM = 69XN34A39B;
				INFOPLIST_FILE = HomeworkApp/Info.plist;
				LD_RUNPATH_SEARCH_PATHS = (
					"$(inherited)",
					"@executable_path/Frameworks",
				);
				PRODUCT_BUNDLE_IDENTIFIER = com.info.homeworkApp;
				PRODUCT_NAME = "$(TARGET_NAME)";
				SWIFT_VERSION = 4.2;
				TARGETED_DEVICE_FAMILY = "1,2";
			};
			name = Debug;
		};
		FE83055121BC7401008BF111 /* Release */ = {
			isa = XCBuildConfiguration;
			baseConfigurationReference = 7FD70F2453A11A98D70A9CF8 /* Pods-HomeworkApp.release.xcconfig */;
			buildSettings = {
				ASSETCATALOG_COMPILER_APPICON_NAME = AppIcon;
				CODE_SIGN_STYLE = Automatic;
				DEVELOPMENT_TEAM = 69XN34A39B;
				INFOPLIST_FILE = HomeworkApp/Info.plist;
				LD_RUNPATH_SEARCH_PATHS = (
					"$(inherited)",
					"@executable_path/Frameworks",
				);
				PRODUCT_BUNDLE_IDENTIFIER = com.info.homeworkApp;
				PRODUCT_NAME = "$(TARGET_NAME)";
				SWIFT_VERSION = 4.2;
				TARGETED_DEVICE_FAMILY = "1,2";
			};
			name = Release;
		};
/* End XCBuildConfiguration section */

/* Begin XCConfigurationList section */
		FE83053821BC73FB008BF111 /* Build configuration list for PBXProject "HomeworkApp" */ = {
			isa = XCConfigurationList;
			buildConfigurations = (
				FE83054D21BC7401008BF111 /* Debug */,
				FE83054E21BC7401008BF111 /* Release */,
			);
			defaultConfigurationIsVisible = 0;
			defaultConfigurationName = Release;
		};
		FE83054F21BC7401008BF111 /* Build configuration list for PBXNativeTarget "HomeworkApp" */ = {
			isa = XCConfigurationList;
			buildConfigurations = (
				FE83055021BC7401008BF111 /* Debug */,
				FE83055121BC7401008BF111 /* Release */,
			);
			defaultConfigurationIsVisible = 0;
			defaultConfigurationName = Release;
		};
/* End XCConfigurationList section */
	};
	rootObject = FE83053521BC73FB008BF111 /* Project object */;
}
